
Microsoft Visual Studio Solution File, Format Version 12.00
# Visual Studio Version 16
VisualStudioVersion = 16.0.31424.327
MinimumVisualStudioVersion = 10.0.40219.1
Project("{FAE04EC0-301F-11D3-BF4B-00C04F79EFBC}") = "SearchCEP", "SearchCEP\SearchCEP.csproj", "{F5AAC42D-9CD8-49E3-9ABD-DEFC151F7725}"
EndProject
Global
	GlobalSection(SolutionConfigurationPlatforms) = preSolution
		Debug|Any CPU = Debug|Any CPU
		Release|Any CPU = Release|Any CPU
	EndGlobalSection
	GlobalSection(ProjectConfigurationPlatforms) = postSolution
		{F5AAC42D-9CD8-49E3-9ABD-DEFC151F7725}.Debug|Any CPU.ActiveCfg = Debug|Any CPU
		{F5AAC42D-9CD8-49E3-9ABD-DEFC151F7725}.Debug|Any CPU.Build.0 = Debug|Any CPU
		{F5AAC42D-9CD8-49E3-9ABD-DEFC151F7725}.Release|Any CPU.ActiveCfg = Release|Any CPU
		{F5AAC42D-9CD8-49E3-9ABD-DEFC151F7725}.Release|Any CPU.Build.0 = Release|Any CPU
	EndGlobalSection
	GlobalSection(SolutionProperties) = preSolution
		HideSolutionNode = FALSE
	EndGlobalSection
	GlobalSection(ExtensibilityGlobals) = postSolution
		SolutionGuid = {B8F93B22-1DDF-48F3-93CD-66D39138D5DA}
	EndGlobalSection
EndGlobal
